// !$*UTF8*$!
{
	archiveVersion = 1;
	classes = {
	};
	objectVersion = 48;
	objects = {

/* Begin PBXBuildFile section */
		B7BD961558615C2A19B73C80 /* Pods_Network_Connection_Check.framework in Frameworks */ = {isa = PBXBuildFile; fileRef = 2269DA630D62F8F5F61B1984 /* Pods_Network_Connection_Check.framework */; };
		B8BA264E205FEF130048BFFB /* AppDelegate.swift in Sources */ = {isa = PBXBuildFile; fileRef = B8BA264D205FEF130048BFFB /* AppDelegate.swift */; };
		B8BA2650205FEF130048BFFB /* ViewController.swift in Sources */ = {isa = PBXBuildFile; fileRef = B8BA264F205FEF130048BFFB /* ViewController.swift */; };
		B8BA2653205FEF130048BFFB /* Main.storyboard in Resources */ = {isa = PBXBuildFile; fileRef = B8BA2651205FEF130048BFFB /* Main.storyboard */; };
		B8BA2655205FEF130048BFFB /* Assets.xcassets in Resources */ = {isa = PBXBuildFile; fileRef = B8BA2654205FEF130048BFFB /* Assets.xcassets */; };
		B8BA2658205FEF130048BFFB /* LaunchScreen.storyboard in Resources */ = {isa = PBXBuildFile; fileRef = B8BA2656205FEF130048BFFB /* LaunchScreen.storyboard */; };
		B8BA267E205FFC7A0048BFFB /* NetworkInstance.swift in Sources */ = {isa = PBXBuildFile; fileRef = B8BA267D205FFC7A0048BFFB /* NetworkInstance.swift */; };
/* End PBXBuildFile section */

/* Begin PBXFileReference section */
		1CFD44874AF5C44DCC390616 /* Pods-Network Connection Check.debug.xcconfig */ = {isa = PBXFileReference; includeInIndex = 1; lastKnownFileType = text.xcconfig; name = "Pods-Network Connection Check.debug.xcconfig"; path = "Pods/Target Support Files/Pods-Network Connection Check/Pods-Network Connection Check.debug.xcconfig"; sourceTree = "<group>"; };
		2269DA630D62F8F5F61B1984 /* Pods_Network_Connection_Check.framework */ = {isa = PBXFileReference; explicitFileType = wrapper.framework; includeInIndex = 0; path = Pods_Network_Connection_Check.framework; sourceTree = BUILT_PRODUCTS_DIR; };
		264690CD25C8262FE921DCF4 /* Pods-Network Connection Check.release.xcconfig */ = {isa = PBXFileReference; includeInIndex = 1; lastKnownFileType = text.xcconfig; name = "Pods-Network Connection Check.release.xcconfig"; path = "Pods/Target Support Files/Pods-Network Connection Check/Pods-Network Connection Check.release.xcconfig"; sourceTree = "<group>"; };
		B8BA264A205FEF130048BFFB /* Network Connection Check.app */ = {isa = PBXFileReference; explicitFileType = wrapper.application; includeInIndex = 0; path = "Network Connection Check.app"; sourceTree = BUILT_PRODUCTS_DIR; };
		B8BA264D205FEF130048BFFB /* AppDelegate.swift */ = {isa = PBXFileReference; lastKnownFileType = sourcecode.swift; path = AppDelegate.swift; sourceTree = "<group>"; };
		B8BA264F205FEF130048BFFB /* ViewController.swift */ = {isa = PBXFileReference; lastKnownFileType = sourcecode.swift; path = ViewController.swift; sourceTree = "<group>"; };
		B8BA2652205FEF130048BFFB /* Base */ = {isa = PBXFileReference; lastKnownFileType = file.storyboard; name = Base; path = Base.lproj/Main.storyboard; sourceTree = "<group>"; };
		B8BA2654205FEF130048BFFB /* Assets.xcassets */ = {isa = PBXFileReference; lastKnownFileType = folder.assetcatalog; path = Assets.xcassets; sourceTree = "<group>"; };
		B8BA2657205FEF130048BFFB /* Base */ = {isa = PBXFileReference; lastKnownFileType = file.storyboard; name = Base; path = Base.lproj/LaunchScreen.storyboard; sourceTree = "<group>"; };
		B8BA2659205FEF130048BFFB /* Info.plist */ = {isa = PBXFileReference; lastKnownFileType = text.plist.xml; path = Info.plist; sourceTree = "<group>"; };
		B8BA267D205FFC7A0048BFFB /* NetworkInstance.swift */ = {isa = PBXFileReference; lastKnownFileType = sourcecode.swift; path = NetworkInstance.swift; sourceTree = "<group>"; };
/* End PBXFileReference section */

/* Begin PBXFrameworksBuildPhase section */
		B8BA2647205FEF130048BFFB /* Frameworks */ = {
			isa = PBXFrameworksBuildPhase;
			buildActionMask = 2147483647;
			files = (
				B7BD961558615C2A19B73C80 /* Pods_Network_Connection_Check.framework in Frameworks */,
			);
			runOnlyForDeploymentPostprocessing = 0;
		};
/* End PBXFrameworksBuildPhase section */

/* Begin PBXGroup section */
		75250DCD7EA4DD876E627575 /* Frameworks */ = {
			isa = PBXGroup;
			children = (
				2269DA630D62F8F5F61B1984 /* Pods_Network_Connection_Check.framework */,
			);
			name = Frameworks;
			sourceTree = "<group>";
		};
		8BADCE21C3338EB45C1C50CE /* Pods */ = {
			isa = PBXGroup;
			children = (
				1CFD44874AF5C44DCC390616 /* Pods-Network Connection Check.debug.xcconfig */,
				264690CD25C8262FE921DCF4 /* Pods-Network Connection Check.release.xcconfig */,
			);
			name = Pods;
			sourceTree = "<group>";
		};
		B8BA2641205FEF130048BFFB = {
			isa = PBXGroup;
			children = (
				B8BA264C205FEF130048BFFB /* Network Connection Check */,
				B8BA264B205FEF130048BFFB /* Products */,
				8BADCE21C3338EB45C1C50CE /* Pods */,
				75250DCD7EA4DD876E627575 /* Frameworks */,
			);
			sourceTree = "<group>";
		};
		B8BA264B205FEF130048BFFB /* Products */ = {
			isa = PBXGroup;
			children = (
				B8BA264A205FEF130048BFFB /* Network Connection Check.app */,
			);
			name = Products;
			sourceTree = "<group>";
		};
		B8BA264C205FEF130048BFFB /* Network Connection Check */ = {
			isa = PBXGroup;
			children = (
				B8BA264D205FEF130048BFFB /* AppDelegate.swift */,
				B8BA264F205FEF130048BFFB /* ViewController.swift */,
				B8BA2651205FEF130048BFFB /* Main.storyboard */,
				B8BA2654205FEF130048BFFB /* Assets.xcassets */,
				B8BA2656205FEF130048BFFB /* LaunchScreen.storyboard */,
				B8BA2659205FEF130048BFFB /* Info.plist */,
				B8BA267D205FFC7A0048BFFB /* NetworkInstance.swift */,
			);
			path = "Network Connection Check";
			sourceTree = "<group>";
		};
/* End PBXGroup section */

/* Begin PBXNativeTarget section */
		B8BA2649205FEF130048BFFB /* Network Connection Check */ = {
			isa = PBXNativeTarget;
			buildConfigurationList = B8BA265C205FEF130048BFFB /* Build configuration list for PBXNativeTarget "Network Connection Check" */;
			buildPhases = (
				7D0B8A8BE900750863F3E20E /* [CP] Check Pods Manifest.lock */,
				B8BA2646205FEF130048BFFB /* Sources */,
				B8BA2647205FEF130048BFFB /* Frameworks */,
				B8BA2648205FEF130048BFFB /* Resources */,
				40900C1A3657086D1E1CFC78 /* [CP] Embed Pods Frameworks */,
				6FA5FF4D3B26CC680E6BA52B /* [CP] Copy Pods Resources */,
			);
			buildRules = (
			);
			dependencies = (
			);
			name = "Network Connection Check";
			productName = "Network Connection Check";
			productReference = B8BA264A205FEF130048BFFB /* Network Connection Check.app */;
			productType = "com.apple.product-type.application";
		};
/* End PBXNativeTarget section */

/* Begin PBXProject section */
		B8BA2642205FEF130048BFFB /* Project object */ = {
			isa = PBXProject;
			attributes = {
				LastSwiftUpdateCheck = 0920;
				LastUpgradeCheck = 0920;
				ORGANIZATIONNAME = "Wang, Zewen";
				TargetAttributes = {
					B8BA2649205FEF130048BFFB = {
						CreatedOnToolsVersion = 9.2;
						ProvisioningStyle = Automatic;
					};
				};
			};
			buildConfigurationList = B8BA2645205FEF130048BFFB /* Build configuration list for PBXProject "Network Connection Check" */;
			compatibilityVersion = "Xcode 8.0";
			developmentRegion = en;
			hasScannedForEncodings = 0;
			knownRegions = (
				en,
				Base,
			);
			mainGroup = B8BA2641205FEF130048BFFB;
			productRefGroup = B8BA264B205FEF130048BFFB /* Products */;
			projectDirPath = "";
			projectRoot = "";
			targets = (
				B8BA2649205FEF130048BFFB /* Network Connection Check */,
			);
		};
/* End PBXProject section */

/* Begin PBXResourcesBuildPhase section */
		B8BA2648205FEF130048BFFB /* Resources */ = {
			isa = PBXResourcesBuildPhase;
			buildActionMask = 2147483647;
			files = (
				B8BA2658205FEF130048BFFB /* LaunchScreen.storyboard in Resources */,
				B8BA2655205FEF130048BFFB /* Assets.xcassets in Resources */,
				B8BA2653205FEF130048BFFB /* Main.storyboard in Resources */,
			);
			runOnlyForDeploymentPostprocessing = 0;
		};
/* End PBXResourcesBuildPhase section */

/* Begin PBXShellScriptBuildPhase section */
		40900C1A3657086D1E1CFC78 /* [CP] Embed Pods Frameworks */ = {
			isa = PBXShellScriptBuildPhase;
			buildActionMask = 2147483647;
			files = (
			);
			inputPaths = (
				"${SRCROOT}/Pods/Target Support Files/Pods-Network Connection Check/Pods-Network Connection Check-frameworks.sh",
				"${BUILT_PRODUCTS_DIR}/Alamofire/Alamofire.framework",
			);
			name = "[CP] Embed Pods Frameworks";
			outputPaths = (
				"${TARGET_BUILD_DIR}/${FRAMEWORKS_FOLDER_PATH}/Alamofire.framework",
			);
			runOnlyForDeploymentPostprocessing = 0;
			shellPath = /bin/sh;
			shellScript = "\"${SRCROOT}/Pods/Target Support Files/Pods-Network Connection Check/Pods-Network Connection Check-frameworks.sh\"\n";
			showEnvVarsInLog = 0;
		};
		6FA5FF4D3B26CC680E6BA52B /* [CP] Copy Pods Resources */ = {
			isa = PBXShellScriptBuildPhase;
			buildActionMask = 2147483647;
			files = (
			);
			inputPaths = (
			);
			name = "[CP] Copy Pods Resources";
			outputPaths = (
			);
			runOnlyForDeploymentPostprocessing = 0;
			shellPath = /bin/sh;
			shellScript = "\"${SRCROOT}/Pods/Target Support Files/Pods-Network Connection Check/Pods-Network Connection Check-resources.sh\"\n";
			showEnvVarsInLog = 0;
		};
		7D0B8A8BE900750863F3E20E /* [CP] Check Pods Manifest.lock */ = {
			isa = PBXShellScriptBuildPhase;
			buildActionMask = 2147483647;
			files = (
			);
			inputPaths = (
				"${PODS_PODFILE_DIR_PATH}/Podfile.lock",
				"${PODS_ROOT}/Manifest.lock",
			);
			name = "[CP] Check Pods Manifest.lock";
			outputPaths = (
				"$(DERIVED_FILE_DIR)/Pods-Network Connection Check-checkManifestLockResult.txt",
			);
			runOnlyForDeploymentPostprocessing = 0;
			shellPath = /bin/sh;
			shellScript = "diff \"${PODS_PODFILE_DIR_PATH}/Podfile.lock\" \"${PODS_ROOT}/Manifest.lock\" > /dev/null\nif [ $? != 0 ] ; then\n    # print error to STDERR\n    echo \"error: The sandbox is not in sync with the Podfile.lock. Run 'pod install' or update your CocoaPods installation.\" >&2\n    exit 1\nfi\n# This output is used by Xcode 'outputs' to avoid re-running this script phase.\necho \"SUCCESS\" > \"${SCRIPT_OUTPUT_FILE_0}\"\n";
			showEnvVarsInLog = 0;
		};
/* End PBXShellScriptBuildPhase section */

/* Begin PBXSourcesBuildPhase section */
		B8BA2646205FEF130048BFFB /* Sources */ = {
			isa = PBXSourcesBuildPhase;
			buildActionMask = 2147483647;
			files = (
				B8BA2650205FEF130048BFFB /* ViewController.swift in Sources */,
				B8BA267E205FFC7A0048BFFB /* NetworkInstance.swift in Sources */,
				B8BA264E205FEF130048BFFB /* AppDelegate.swift in Sources */,
			);
			runOnlyForDeploymentPostprocessing = 0;
		};
/* End PBXSourcesBuildPhase section */

/* Begin PBXVariantGroup section */
		B8BA2651205FEF130048BFFB /* Main.storyboard */ = {
			isa = PBXVariantGroup;
			children = (
				B8BA2652205FEF130048BFFB /* Base */,
			);
			name = Main.storyboard;
			sourceTree = "<group>";
		};
		B8BA2656205FEF130048BFFB /* LaunchScreen.storyboard */ = {
			isa = PBXVariantGroup;
			children = (
				B8BA2657205FEF130048BFFB /* Base */,
			);
			name = LaunchScreen.storyboard;
			sourceTree = "<group>";
		};
/* End PBXVariantGroup section */

/* Begin XCBuildConfiguration section */
		B8BA265A205FEF130048BFFB /* Debug */ = {
			isa = XCBuildConfiguration;
			buildSettings = {
				ALWAYS_SEARCH_USER_PATHS = NO;
				CLANG_ANALYZER_NONNULL = YES;
				CLANG_ANALYZER_NUMBER_OBJECT_CONVERSION = YES_AGGRESSIVE;
				CLANG_CXX_LANGUAGE_STANDARD = "gnu++14";
				CLANG_CXX_LIBRARY = "libc++";
				CLANG_ENABLE_MODULES = YES;
				CLANG_ENABLE_OBJC_ARC = YES;
				CLANG_WARN_BLOCK_CAPTURE_AUTORELEASING = YES;
				CLANG_WARN_BOOL_CONVERSION = YES;
				CLANG_WARN_COMMA = YES;
				CLANG_WARN_CONSTANT_CONVERSION = YES;
				CLANG_WARN_DIRECT_OBJC_ISA_USAGE = YES_ERROR;
				CLANG_WARN_DOCUMENTATION_COMMENTS = YES;
				CLANG_WARN_EMPTY_BODY = YES;
				CLANG_WARN_ENUM_CONVERSION = YES;
				CLANG_WARN_INFINITE_RECURSION = YES;
				CLANG_WARN_INT_CONVERSION = YES;
				CLANG_WARN_NON_LITERAL_NULL_CONVERSION = YES;
				CLANG_WARN_OBJC_LITERAL_CONVERSION = YES;
				CLANG_WARN_OBJC_ROOT_CLASS = YES_ERROR;
				CLANG_WARN_RANGE_LOOP_ANALYSIS = YES;
				CLANG_WARN_STRICT_PROTOTYPES = YES;
				CLANG_WARN_SUSPICIOUS_MOVE = YES;
				CLANG_WARN_UNGUARDED_AVAILABILITY = YES_AGGRESSIVE;
				CLANG_WARN_UNREACHABLE_CODE = YES;
				CLANG_WARN__DUPLICATE_METHOD_MATCH = YES;
				CODE_SIGN_IDENTITY = "iPhone Developer";
				COPY_PHASE_STRIP = NO;
				DEBUG_INFORMATION_FORMAT = dwarf;
				ENABLE_STRICT_OBJC_MSGSEND = YES;
				ENABLE_TESTABILITY = YES;
				GCC_C_LANGUAGE_STANDARD = gnu11;
				GCC_DYNAMIC_NO_PIC = NO;
				GCC_NO_COMMON_BLOCKS = YES;
				GCC_OPTIMIZATION_LEVEL = 0;
				GCC_PREPROCESSOR_DEFINITIONS = (
					"DEBUG=1",
					"$(inherited)",
				);
				GCC_WARN_64_TO_32_BIT_CONVERSION = YES;
				GCC_WARN_ABOUT_RETURN_TYPE = YES_ERROR;
				GCC_WARN_UNDECLARED_SELECTOR = YES;
				GCC_WARN_UNINITIALIZED_AUTOS = YES_AGGRESSIVE;
				GCC_WARN_UNUSED_FUNCTION = YES;
				GCC_WARN_UNUSED_VARIABLE = YES;
				IPHONEOS_DEPLOYMENT_TARGET = 11.2;
				MTL_ENABLE_DEBUG_INFO = YES;
				ONLY_ACTIVE_ARCH = YES;
				SDKROOT = iphoneos;
				SWIFT_ACTIVE_COMPILATION_CONDITIONS = DEBUG;
				SWIFT_OPTIMIZATION_LEVEL = "-Onone";
			};
			name = Debug;
		};
		B8BA265B205FEF130048BFFB /* Release */ = {
			isa = XCBuildConfiguration;
			buildSettings = {
				ALWAYS_SEARCH_USER_PATHS = NO;
				CLANG_ANALYZER_NONNULL = YES;
				CLANG_ANALYZER_NUMBER_OBJECT_CONVERSION = YES_AGGRESSIVE;
				CLANG_CXX_LANGUAGE_STANDARD = "gnu++14";
				CLANG_CXX_LIBRARY = "libc++";
				CLANG_ENABLE_MODULES = YES;
				CLANG_ENABLE_OBJC_ARC = YES;
				CLANG_WARN_BLOCK_CAPTURE_AUTORELEASING = YES;
				CLANG_WARN_BOOL_CONVERSION = YES;
				CLANG_WARN_COMMA = YES;
				CLANG_WARN_CONSTANT_CONVERSION = YES;
				CLANG_WARN_DIRECT_OBJC_ISA_USAGE = YES_ERROR;
				CLANG_WARN_DOCUMENTATION_COMMENTS = YES;
				CLANG_WARN_EMPTY_BODY = YES;
				CLANG_WARN_ENUM_CONVERSION = YES;
				CLANG_WARN_INFINITE_RECURSION = YES;
				CLANG_WARN_INT_CONVERSION = YES;
				CLANG_WARN_NON_LITERAL_NULL_CONVERSION = YES;
				CLANG_WARN_OBJC_LITERAL_CONVERSION = YES;
				CLANG_WARN_OBJC_ROOT_CLASS = YES_ERROR;
				CLANG_WARN_RANGE_LOOP_ANALYSIS = YES;
				CLANG_WARN_STRICT_PROTOTYPES = YES;
				CLANG_WARN_SUSPICIOUS_MOVE = YES;
				CLANG_WARN_UNGUARDED_AVAILABILITY = YES_AGGRESSIVE;
				CLANG_WARN_UNREACHABLE_CODE = YES;
				CLANG_WARN__DUPLICATE_METHOD_MATCH = YES;
				CODE_SIGN_IDENTITY = "iPhone Developer";
				COPY_PHASE_STRIP = NO;
				DEBUG_INFORMATION_FORMAT = "dwarf-with-dsym";
				ENABLE_NS_ASSERTIONS = NO;
				ENABLE_STRICT_OBJC_MSGSEND = YES;
				GCC_C_LANGUAGE_STANDARD = gnu11;
				GCC_NO_COMMON_BLOCKS = YES;
				GCC_WARN_64_TO_32_BIT_CONVERSION = YES;
				GCC_WARN_ABOUT_RETURN_TYPE = YES_ERROR;
				GCC_WARN_UNDECLARED_SELECTOR = YES;
				GCC_WARN_UNINITIALIZED_AUTOS = YES_AGGRESSIVE;
				GCC_WARN_UNUSED_FUNCTION = YES;
				GCC_WARN_UNUSED_VARIABLE = YES;
				IPHONEOS_DEPLOYMENT_TARGET = 11.2;
				MTL_ENABLE_DEBUG_INFO = NO;
				SDKROOT = iphoneos;
				SWIFT_OPTIMIZATION_LEVEL = "-Owholemodule";
				VALIDATE_PRODUCT = YES;
			};
			name = Release;
		};
		B8BA265D205FEF130048BFFB /* Debug */ = {
			isa = XCBuildConfiguration;
			baseConfigurationReference = 1CFD44874AF5C44DCC390616 /* Pods-Network Connection Check.debug.xcconfig */;
			buildSettings = {
				ASSETCATALOG_COMPILER_APPICON_NAME = AppIcon;
				CODE_SIGN_STYLE = Automatic;
				INFOPLIST_FILE = "Network Connection Check/Info.plist";
				LD_RUNPATH_SEARCH_PATHS = "$(inherited) @executable_path/Frameworks";
				PRODUCT_BUNDLE_IDENTIFIER = "com.zewen.Network-Connection-Check";
				PRODUCT_NAME = "$(TARGET_NAME)";
				SWIFT_VERSION = 4.0;
				TARGETED_DEVICE_FAMILY = "1,2";
			};
			name = Debug;
		};
		B8BA265E205FEF130048BFFB /* Release */ = {
			isa = XCBuildConfiguration;
			baseConfigurationReference = 264690CD25C8262FE921DCF4 /* Pods-Network Connection Check.release.xcconfig */;
			buildSettings = {
				ASSETCATALOG_COMPILER_APPICON_NAME = AppIcon;
				CODE_SIGN_STYLE = Automatic;
				INFOPLIST_FILE = "Network Connection Check/Info.plist";
				LD_RUNPATH_SEARCH_PATHS = "$(inherited) @executable_path/Frameworks";
				PRODUCT_BUNDLE_IDENTIFIER = "com.zewen.Network-Connection-Check";
				PRODUCT_NAME = "$(TARGET_NAME)";
				SWIFT_VERSION = 4.0;
				TARGETED_DEVICE_FAMILY = "1,2";
			};
			name = Release;
		};
/* End XCBuildConfiguration section */

/* Begin XCConfigurationList section */
		B8BA2645205FEF130048BFFB /* Build configuration list for PBXProject "Network Connection Check" */ = {
			isa = XCConfigurationList;
			buildConfigurations = (
				B8BA265A205FEF130048BFFB /* Debug */,
				B8BA265B205FEF130048BFFB /* Release */,
			);
			defaultConfigurationIsVisible = 0;
			defaultConfigurationName = Release;
		};
		B8BA265C205FEF130048BFFB /* Build configuration list for PBXNativeTarget "Network Connection Check" */ = {
			isa = XCConfigurationList;
			buildConfigurations = (
				B8BA265D205FEF130048BFFB /* Debug */,
				B8BA265E205FEF130048BFFB /* Release */,
			);
			defaultConfigurationIsVisible = 0;
			defaultConfigurationName = Release;
		};
/* End XCConfigurationList section */
	};
	rootObject = B8BA2642205FEF130048BFFB /* Project object */;
}
